
Microsoft Visual Studio Solution File, Format Version 12.00
# Visual Studio Version 17
VisualStudioVersion = 17.13.35825.156 d17.13
MinimumVisualStudioVersion = 10.0.40219.1
Project("{2150E333-8FDC-42A3-9474-1A3956D46DE8}") = "Host", "Host", "{36D591C7-65C7-A0D1-1CBC-10CDE441BDC8}"
EndProject
Project("{FAE04EC0-301F-11D3-BF4B-00C04F79EFBC}") = "MathProject.Host.API", "MathProject.Host.API\MathProject.Host.API.csproj", "{A75B2CC0-2D2E-4010-B073-896A7DE38C22}"
EndProject
Project("{2150E333-8FDC-42A3-9474-1A3956D46DE8}") = "Server", "Server", "{9E0246D3-B1B5-42E1-82EA-74A89B77BCE2}"
EndProject
Project("{2150E333-8FDC-42A3-9474-1A3956D46DE8}") = "Core", "Core", "{EF7F76CA-45F6-4BAA-BF0E-3A3984066BB0}"
EndProject
Project("{FAE04EC0-301F-11D3-BF4B-00C04F79EFBC}") = "MathProject.Host.Application", "MathProject.Host.Application\MathProject.Host.Application.csproj", "{FC8C3B5F-D083-4E56-9DA5-4F1A5CC72D64}"
EndProject
Project("{FAE04EC0-301F-11D3-BF4B-00C04F79EFBC}") = "MathProject.Host.Domain", "MathProject.Host.Domain\MathProject.Host.Domain.csproj", "{B51B5331-65EA-4F47-95A4-69E39BC41A4D}"
EndProject
Project("{FAE04EC0-301F-11D3-BF4B-00C04F79EFBC}") = "MathProject.Host.Infrastructure", "MathProject.Host.Infrastructure\MathProject.Host.Infrastructure.csproj", "{2DBA5CD1-52FA-4E8A-8917-FD338E0C597E}"
EndProject
Project("{2150E333-8FDC-42A3-9474-1A3956D46DE8}") = "Client", "Client", "{E47B90CB-F222-4D0B-AB2F-BBF078C268B2}"
EndProject
Project("{FAE04EC0-301F-11D3-BF4B-00C04F79EFBC}") = "MathProject.Client", "MathProject.Client\MathProject.Client\MathProject.Client.csproj", "{4C66E2AB-F1BD-4A32-AC4B-2BA049038EA7}"
EndProject
Project("{FAE04EC0-301F-11D3-BF4B-00C04F79EFBC}") = "MathProject.Client.Client", "MathProject.Client\MathProject.Client.Client\MathProject.Client.Client.csproj", "{BFDFA204-802D-4266-81C5-B07C64260F17}"
EndProject
Project("{2150E333-8FDC-42A3-9474-1A3956D46DE8}") = "Services", "Services", "{435F7F6E-18C0-4DCF-9D29-C228965EF45A}"
EndProject
Project("{2150E333-8FDC-42A3-9474-1A3956D46DE8}") = "Solution Items", "Solution Items", "{B24BDE43-A49B-470A-A842-E4643846642E}"
	ProjectSection(SolutionItems) = preProject
		docker-compose.yaml = docker-compose.yaml
	EndProjectSection
EndProject
Global
	GlobalSection(SolutionConfigurationPlatforms) = preSolution
		Debug|Any CPU = Debug|Any CPU
		Release|Any CPU = Release|Any CPU
	EndGlobalSection
	GlobalSection(ProjectConfigurationPlatforms) = postSolution
		{A75B2CC0-2D2E-4010-B073-896A7DE38C22}.Debug|Any CPU.ActiveCfg = Debug|Any CPU
		{A75B2CC0-2D2E-4010-B073-896A7DE38C22}.Debug|Any CPU.Build.0 = Debug|Any CPU
		{A75B2CC0-2D2E-4010-B073-896A7DE38C22}.Release|Any CPU.ActiveCfg = Release|Any CPU
		{A75B2CC0-2D2E-4010-B073-896A7DE38C22}.Release|Any CPU.Build.0 = Release|Any CPU
		{FC8C3B5F-D083-4E56-9DA5-4F1A5CC72D64}.Debug|Any CPU.ActiveCfg = Debug|Any CPU
		{FC8C3B5F-D083-4E56-9DA5-4F1A5CC72D64}.Debug|Any CPU.Build.0 = Debug|Any CPU
		{FC8C3B5F-D083-4E56-9DA5-4F1A5CC72D64}.Release|Any CPU.ActiveCfg = Release|Any CPU
		{FC8C3B5F-D083-4E56-9DA5-4F1A5CC72D64}.Release|Any CPU.Build.0 = Release|Any CPU
		{B51B5331-65EA-4F47-95A4-69E39BC41A4D}.Debug|Any CPU.ActiveCfg = Debug|Any CPU
		{B51B5331-65EA-4F47-95A4-69E39BC41A4D}.Debug|Any CPU.Build.0 = Debug|Any CPU
		{B51B5331-65EA-4F47-95A4-69E39BC41A4D}.Release|Any CPU.ActiveCfg = Release|Any CPU
		{B51B5331-65EA-4F47-95A4-69E39BC41A4D}.Release|Any CPU.Build.0 = Release|Any CPU
		{2DBA5CD1-52FA-4E8A-8917-FD338E0C597E}.Debug|Any CPU.ActiveCfg = Debug|Any CPU
		{2DBA5CD1-52FA-4E8A-8917-FD338E0C597E}.Debug|Any CPU.Build.0 = Debug|Any CPU
		{2DBA5CD1-52FA-4E8A-8917-FD338E0C597E}.Release|Any CPU.ActiveCfg = Release|Any CPU
		{2DBA5CD1-52FA-4E8A-8917-FD338E0C597E}.Release|Any CPU.Build.0 = Release|Any CPU
		{4C66E2AB-F1BD-4A32-AC4B-2BA049038EA7}.Debug|Any CPU.ActiveCfg = Debug|Any CPU
		{4C66E2AB-F1BD-4A32-AC4B-2BA049038EA7}.Debug|Any CPU.Build.0 = Debug|Any CPU
		{4C66E2AB-F1BD-4A32-AC4B-2BA049038EA7}.Release|Any CPU.ActiveCfg = Release|Any CPU
		{4C66E2AB-F1BD-4A32-AC4B-2BA049038EA7}.Release|Any CPU.Build.0 = Release|Any CPU
		{BFDFA204-802D-4266-81C5-B07C64260F17}.Debug|Any CPU.ActiveCfg = Debug|Any CPU
		{BFDFA204-802D-4266-81C5-B07C64260F17}.Debug|Any CPU.Build.0 = Debug|Any CPU
		{BFDFA204-802D-4266-81C5-B07C64260F17}.Release|Any CPU.ActiveCfg = Release|Any CPU
		{BFDFA204-802D-4266-81C5-B07C64260F17}.Release|Any CPU.Build.0 = Release|Any CPU
	EndGlobalSection
	GlobalSection(SolutionProperties) = preSolution
		HideSolutionNode = FALSE
	EndGlobalSection
	GlobalSection(NestedProjects) = preSolution
		{9E0246D3-B1B5-42E1-82EA-74A89B77BCE2} = {36D591C7-65C7-A0D1-1CBC-10CDE441BDC8}
		{EF7F76CA-45F6-4BAA-BF0E-3A3984066BB0} = {9E0246D3-B1B5-42E1-82EA-74A89B77BCE2}
		{A75B2CC0-2D2E-4010-B073-896A7DE38C22} = {EF7F76CA-45F6-4BAA-BF0E-3A3984066BB0}
		{FC8C3B5F-D083-4E56-9DA5-4F1A5CC72D64} = {EF7F76CA-45F6-4BAA-BF0E-3A3984066BB0}
		{B51B5331-65EA-4F47-95A4-69E39BC41A4D} = {EF7F76CA-45F6-4BAA-BF0E-3A3984066BB0}
		{2DBA5CD1-52FA-4E8A-8917-FD338E0C597E} = {EF7F76CA-45F6-4BAA-BF0E-3A3984066BB0}
		{E47B90CB-F222-4D0B-AB2F-BBF078C268B2} = {36D591C7-65C7-A0D1-1CBC-10CDE441BDC8}
		{4C66E2AB-F1BD-4A32-AC4B-2BA049038EA7} = {E47B90CB-F222-4D0B-AB2F-BBF078C268B2}
		{BFDFA204-802D-4266-81C5-B07C64260F17} = {E47B90CB-F222-4D0B-AB2F-BBF078C268B2}
		{435F7F6E-18C0-4DCF-9D29-C228965EF45A} = {9E0246D3-B1B5-42E1-82EA-74A89B77BCE2}
	EndGlobalSection
	GlobalSection(ExtensibilityGlobals) = postSolution
		SolutionGuid = {B70E0169-5C3E-4FA0-B3F5-96D274D0EE2B}
	EndGlobalSection
EndGlobal
