
Microsoft Visual Studio Solution File, Format Version 12.00
# Visual Studio Version 17
VisualStudioVersion = 17.13.35825.156 d17.13
MinimumVisualStudioVersion = 10.0.40219.1
Project("{2150E333-8FDC-42A3-9474-1A3956D46DE8}") = "Host", "Host", "{36D591C7-65C7-A0D1-1CBC-10CDE441BDC8}"
EndProject
Project("{2150E333-8FDC-42A3-9474-1A3956D46DE8}") = "Modules", "Modules", "{385E179C-82C4-44C5-86A5-6E118544427E}"
EndProject
Project("{2150E333-8FDC-42A3-9474-1A3956D46DE8}") = "Shared", "Shared", "{366FB4C6-C8C3-4FC4-B554-9372CCF123B7}"
EndProject
Project("{FAE04EC0-301F-11D3-BF4B-00C04F79EFBC}") = "MathProject.Shared", "..\MathProject.Shared\MathProject.Shared.csproj", "{8AA8B41A-496C-4B0C-A4A8-C1EC561C7454}"
EndProject
Project("{2150E333-8FDC-42A3-9474-1A3956D46DE8}") = "Users", "Users", "{90C7C553-FF37-498F-8CBD-FD850861AAC8}"
EndProject
Project("{FAE04EC0-301F-11D3-BF4B-00C04F79EFBC}") = "MathProject.Users.Api", "MathProject.Users.Api\MathProject.Users.Api.csproj", "{63E64810-0CC8-4D63-82A4-312F2B01FF56}"
EndProject
Project("{FAE04EC0-301F-11D3-BF4B-00C04F79EFBC}") = "MathProject.Users.Core", "MathProject.Users.Core\MathProject.Users.Core.csproj", "{C0BE2A3E-29A7-4B2A-8EFC-59ABDB05AB7A}"
EndProject
Project("{FAE04EC0-301F-11D3-BF4B-00C04F79EFBC}") = "MathProject.Users.Shared", "MathProject.Users.Shared\MathProject.Users.Shared.csproj", "{451621E8-C273-4332-920A-7188674E7F82}"
EndProject
Project("{FAE04EC0-301F-11D3-BF4B-00C04F79EFBC}") = "MathProject.Host.API", "MathProject.Host.API\MathProject.Host.API.csproj", "{A75B2CC0-2D2E-4010-B073-896A7DE38C22}"
EndProject
Project("{FAE04EC0-301F-11D3-BF4B-00C04F79EFBC}") = "MathProject.Host.WEB", "MathProject.Host.WEB\MathProject.Host.WEB.csproj", "{D0BD62D0-5597-4C51-8FFF-E4116C944C63}"
EndProject
Project("{2150E333-8FDC-42A3-9474-1A3956D46DE8}") = "Server", "Server", "{9E0246D3-B1B5-42E1-82EA-74A89B77BCE2}"
EndProject
Project("{2150E333-8FDC-42A3-9474-1A3956D46DE8}") = "Client", "Client", "{B57EB931-8620-4A58-82B3-ABAFDD80595C}"
EndProject
Global
	GlobalSection(SolutionConfigurationPlatforms) = preSolution
		Debug|Any CPU = Debug|Any CPU
		Release|Any CPU = Release|Any CPU
	EndGlobalSection
	GlobalSection(ProjectConfigurationPlatforms) = postSolution
		{8AA8B41A-496C-4B0C-A4A8-C1EC561C7454}.Debug|Any CPU.ActiveCfg = Debug|Any CPU
		{8AA8B41A-496C-4B0C-A4A8-C1EC561C7454}.Debug|Any CPU.Build.0 = Debug|Any CPU
		{8AA8B41A-496C-4B0C-A4A8-C1EC561C7454}.Release|Any CPU.ActiveCfg = Release|Any CPU
		{8AA8B41A-496C-4B0C-A4A8-C1EC561C7454}.Release|Any CPU.Build.0 = Release|Any CPU
		{63E64810-0CC8-4D63-82A4-312F2B01FF56}.Debug|Any CPU.ActiveCfg = Debug|Any CPU
		{63E64810-0CC8-4D63-82A4-312F2B01FF56}.Debug|Any CPU.Build.0 = Debug|Any CPU
		{63E64810-0CC8-4D63-82A4-312F2B01FF56}.Release|Any CPU.ActiveCfg = Release|Any CPU
		{63E64810-0CC8-4D63-82A4-312F2B01FF56}.Release|Any CPU.Build.0 = Release|Any CPU
		{C0BE2A3E-29A7-4B2A-8EFC-59ABDB05AB7A}.Debug|Any CPU.ActiveCfg = Debug|Any CPU
		{C0BE2A3E-29A7-4B2A-8EFC-59ABDB05AB7A}.Debug|Any CPU.Build.0 = Debug|Any CPU
		{C0BE2A3E-29A7-4B2A-8EFC-59ABDB05AB7A}.Release|Any CPU.ActiveCfg = Release|Any CPU
		{C0BE2A3E-29A7-4B2A-8EFC-59ABDB05AB7A}.Release|Any CPU.Build.0 = Release|Any CPU
		{451621E8-C273-4332-920A-7188674E7F82}.Debug|Any CPU.ActiveCfg = Debug|Any CPU
		{451621E8-C273-4332-920A-7188674E7F82}.Debug|Any CPU.Build.0 = Debug|Any CPU
		{451621E8-C273-4332-920A-7188674E7F82}.Release|Any CPU.ActiveCfg = Release|Any CPU
		{451621E8-C273-4332-920A-7188674E7F82}.Release|Any CPU.Build.0 = Release|Any CPU
		{A75B2CC0-2D2E-4010-B073-896A7DE38C22}.Debug|Any CPU.ActiveCfg = Debug|Any CPU
		{A75B2CC0-2D2E-4010-B073-896A7DE38C22}.Debug|Any CPU.Build.0 = Debug|Any CPU
		{A75B2CC0-2D2E-4010-B073-896A7DE38C22}.Release|Any CPU.ActiveCfg = Release|Any CPU
		{A75B2CC0-2D2E-4010-B073-896A7DE38C22}.Release|Any CPU.Build.0 = Release|Any CPU
		{D0BD62D0-5597-4C51-8FFF-E4116C944C63}.Debug|Any CPU.ActiveCfg = Debug|Any CPU
		{D0BD62D0-5597-4C51-8FFF-E4116C944C63}.Debug|Any CPU.Build.0 = Debug|Any CPU
		{D0BD62D0-5597-4C51-8FFF-E4116C944C63}.Release|Any CPU.ActiveCfg = Release|Any CPU
		{D0BD62D0-5597-4C51-8FFF-E4116C944C63}.Release|Any CPU.Build.0 = Release|Any CPU
	EndGlobalSection
	GlobalSection(SolutionProperties) = preSolution
		HideSolutionNode = FALSE
	EndGlobalSection
	GlobalSection(NestedProjects) = preSolution
		{8AA8B41A-496C-4B0C-A4A8-C1EC561C7454} = {366FB4C6-C8C3-4FC4-B554-9372CCF123B7}
		{90C7C553-FF37-498F-8CBD-FD850861AAC8} = {385E179C-82C4-44C5-86A5-6E118544427E}
		{63E64810-0CC8-4D63-82A4-312F2B01FF56} = {90C7C553-FF37-498F-8CBD-FD850861AAC8}
		{C0BE2A3E-29A7-4B2A-8EFC-59ABDB05AB7A} = {90C7C553-FF37-498F-8CBD-FD850861AAC8}
		{451621E8-C273-4332-920A-7188674E7F82} = {90C7C553-FF37-498F-8CBD-FD850861AAC8}
		{9E0246D3-B1B5-42E1-82EA-74A89B77BCE2} = {36D591C7-65C7-A0D1-1CBC-10CDE441BDC8}
		{A75B2CC0-2D2E-4010-B073-896A7DE38C22} = {9E0246D3-B1B5-42E1-82EA-74A89B77BCE2}
		{B57EB931-8620-4A58-82B3-ABAFDD80595C} = {36D591C7-65C7-A0D1-1CBC-10CDE441BDC8}
		{D0BD62D0-5597-4C51-8FFF-E4116C944C63} = {B57EB931-8620-4A58-82B3-ABAFDD80595C}
		{385E179C-82C4-44C5-86A5-6E118544427E} = {9E0246D3-B1B5-42E1-82EA-74A89B77BCE2}
		{366FB4C6-C8C3-4FC4-B554-9372CCF123B7} = {9E0246D3-B1B5-42E1-82EA-74A89B77BCE2}
	EndGlobalSection
	GlobalSection(ExtensibilityGlobals) = postSolution
		SolutionGuid = {B70E0169-5C3E-4FA0-B3F5-96D274D0EE2B}
	EndGlobalSection
EndGlobal
